{
  "version": 4,
  "terraform_version": "1.0.3",
  "serial": 33,
  "lineage": "0025972f-eecc-36fa-0360-7fb989955b71",
  "outputs": {},
  "resources": [
    {
      "module": "module.digitalocean",
      "mode": "managed",
      "type": "digitalocean_kubernetes_cluster",
      "name": "k8s",
      "provider": "module.digitalocean.provider[\"registry.terraform.io/digitalocean/digitalocean\"]",
      "instances": [
        {
          "schema_version": 3,
          "attributes": {
            "auto_upgrade": false,
            "cluster_subnet": "10.244.0.0/16",
            "created_at": "2021-09-03 01:14:43 +0000 UTC",
            "endpoint": "https://ec8ba7fb-d04a-41bb-9ceb-44136f1ae60d.k8s.ondigitalocean.com",
            "id": "ec8ba7fb-d04a-41bb-9ceb-44136f1ae60d",
            "ipv4_address": "147.182.252.180",
            "kube_config": [
              {
                "client_certificate": "",
                "client_key": "",
                "cluster_ca_certificate": "LS0tLS1CRUdJTiBDRVJUSUZJQ0FURS0tLS0tCk1JSURKekNDQWcrZ0F3SUJBZ0lDQm5Vd0RRWUpLb1pJaHZjTkFRRUxCUUF3TXpFVk1CTUdBMVVFQ2hNTVJHbG4KYVhSaGJFOWpaV0Z1TVJvd0dBWURWUVFERXhGck9ITmhZWE1nUTJ4MWMzUmxjaUJEUVRBZUZ3MHlNVEE1TURNdwpNVEUwTkRkYUZ3MDBNVEE1TURNd01URTBORGRhTURNeEZUQVRCZ05WQkFvVERFUnBaMmwwWVd4UFkyVmhiakVhCk1CZ0dBMVVFQXhNUmF6aHpZV0Z6SUVOc2RYTjBaWElnUTBFd2dnRWlNQTBHQ1NxR1NJYjNEUUVCQVFVQUE0SUIKRHdBd2dnRUtBb0lCQVFEU2RZNm9DVHdHNC9jbEM2L0g0Lzljd2NETFZTaWZlTmp0NFRUeUwxYXdaaDZVZ3FHawpSemxqZnVwNVZLTGxOU0NiM0pKV3ArNnFNQWVIRnJ1Mm4wcmhkZUVGdmFVMlFrTkFIc1pYYzJVNTVsaXFwLzlKCndJdFdsYjRERmRIdDZ2bzdzMWZSTW9wSXVUVEVhRXhQM1EwL25QVzZwYjlaQVBSUFE0MDI4VSsySmF0Y2NyVVIKMkx1bHRxZDRZQW5CS1RLeENtamR6UWVlUmZpTTZtbGFkODVvNFF6YVY4MmY0STJ2aFR6Y3Q5Ym9aUlZsQlA2TQpFM3d3YkJwRVF4U0Z3enQzUTV0SU10TWZ1dnBZcHE2ZmZxd2JzNG84aU9QRTNaWlZ3VGdnVXJZM3RySEl5bW1LCnN4QkkycTV0RHEwdVlpVWt6QXBWN29HNkRWSUNJS0pQc1V5SkFnTUJBQUdqUlRCRE1BNEdBMVVkRHdFQi93UUUKQXdJQmhqQVNCZ05WSFJNQkFmOEVDREFHQVFIL0FnRUFNQjBHQTFVZERnUVdCQlMvOWZMUy9yLzBMaXJJdTA2VApmLzhvY0xuTW1qQU5CZ2txaGtpRzl3MEJBUXNGQUFPQ0FRRUFQQW1jS0JQNFdMQ1BqdXNDT1FkQ3lidlRhc3NPCjV1KzJyYVBYd0kybTh2bGYrMDJUL3ZZdzRFTHpmcUVIVUxuUFNoWllMWWJLMkc3Q1hXSTNFYmMvUkR4bEdvajEKTEY4T1FlV0MxaHhuNHBuZWJUUXRTZFZ4OXdZUWdqaUEwbTljT2FWN25YNTFSWUkrYlc1eThrS050MlYra29yagpIa29RdWc2Sjl4eWRtWEFGQUJUcmFySjNTSVp3MXdHTWY4SDBhenZoWVFnWWo0QnNEY21XLzFJSWRPSkNlUjlUCnIyelUvUXlQQjNRdEVvSEUyWHY2VzIydGs5UVpXQXY3bUtPa1lQSjhxYWNvVVNkeU1rYWdVdHo1bG5ZdGVsSEEKY25PWnNaNVpXYmUvNDV4bTBOQ0tmL3QxdXpYTmF6MHlCZENub1NBUmZ4TkhhRUZyRE1oMjhoUlFsdz09Ci0tLS0tRU5EIENFUlRJRklDQVRFLS0tLS0K",
                "expires_at": "2021-09-10T01:21:54Z",
                "host": "https://ec8ba7fb-d04a-41bb-9ceb-44136f1ae60d.k8s.ondigitalocean.com",
                "raw_config": "apiVersion: v1\nkind: Config\nclusters:\n- cluster:\n    certificate-authority-data: LS0tLS1CRUdJTiBDRVJUSUZJQ0FURS0tLS0tCk1JSURKekNDQWcrZ0F3SUJBZ0lDQm5Vd0RRWUpLb1pJaHZjTkFRRUxCUUF3TXpFVk1CTUdBMVVFQ2hNTVJHbG4KYVhSaGJFOWpaV0Z1TVJvd0dBWURWUVFERXhGck9ITmhZWE1nUTJ4MWMzUmxjaUJEUVRBZUZ3MHlNVEE1TURNdwpNVEUwTkRkYUZ3MDBNVEE1TURNd01URTBORGRhTURNeEZUQVRCZ05WQkFvVERFUnBaMmwwWVd4UFkyVmhiakVhCk1CZ0dBMVVFQXhNUmF6aHpZV0Z6SUVOc2RYTjBaWElnUTBFd2dnRWlNQTBHQ1NxR1NJYjNEUUVCQVFVQUE0SUIKRHdBd2dnRUtBb0lCQVFEU2RZNm9DVHdHNC9jbEM2L0g0Lzljd2NETFZTaWZlTmp0NFRUeUwxYXdaaDZVZ3FHawpSemxqZnVwNVZLTGxOU0NiM0pKV3ArNnFNQWVIRnJ1Mm4wcmhkZUVGdmFVMlFrTkFIc1pYYzJVNTVsaXFwLzlKCndJdFdsYjRERmRIdDZ2bzdzMWZSTW9wSXVUVEVhRXhQM1EwL25QVzZwYjlaQVBSUFE0MDI4VSsySmF0Y2NyVVIKMkx1bHRxZDRZQW5CS1RLeENtamR6UWVlUmZpTTZtbGFkODVvNFF6YVY4MmY0STJ2aFR6Y3Q5Ym9aUlZsQlA2TQpFM3d3YkJwRVF4U0Z3enQzUTV0SU10TWZ1dnBZcHE2ZmZxd2JzNG84aU9QRTNaWlZ3VGdnVXJZM3RySEl5bW1LCnN4QkkycTV0RHEwdVlpVWt6QXBWN29HNkRWSUNJS0pQc1V5SkFnTUJBQUdqUlRCRE1BNEdBMVVkRHdFQi93UUUKQXdJQmhqQVNCZ05WSFJNQkFmOEVDREFHQVFIL0FnRUFNQjBHQTFVZERnUVdCQlMvOWZMUy9yLzBMaXJJdTA2VApmLzhvY0xuTW1qQU5CZ2txaGtpRzl3MEJBUXNGQUFPQ0FRRUFQQW1jS0JQNFdMQ1BqdXNDT1FkQ3lidlRhc3NPCjV1KzJyYVBYd0kybTh2bGYrMDJUL3ZZdzRFTHpmcUVIVUxuUFNoWllMWWJLMkc3Q1hXSTNFYmMvUkR4bEdvajEKTEY4T1FlV0MxaHhuNHBuZWJUUXRTZFZ4OXdZUWdqaUEwbTljT2FWN25YNTFSWUkrYlc1eThrS050MlYra29yagpIa29RdWc2Sjl4eWRtWEFGQUJUcmFySjNTSVp3MXdHTWY4SDBhenZoWVFnWWo0QnNEY21XLzFJSWRPSkNlUjlUCnIyelUvUXlQQjNRdEVvSEUyWHY2VzIydGs5UVpXQXY3bUtPa1lQSjhxYWNvVVNkeU1rYWdVdHo1bG5ZdGVsSEEKY25PWnNaNVpXYmUvNDV4bTBOQ0tmL3QxdXpYTmF6MHlCZENub1NBUmZ4TkhhRUZyRE1oMjhoUlFsdz09Ci0tLS0tRU5EIENFUlRJRklDQVRFLS0tLS0K\n    server: https://ec8ba7fb-d04a-41bb-9ceb-44136f1ae60d.k8s.ondigitalocean.com\n  name: do-sfo3-k8s-do\ncontexts:\n- context:\n    cluster: do-sfo3-k8s-do\n    user: do-sfo3-k8s-do-admin\n  name: do-sfo3-k8s-do\ncurrent-context: do-sfo3-k8s-do\nusers:\n- name: do-sfo3-k8s-do-admin\n  user:\n    token: 8fb8b9e410112ba757333b230cdf6d025bb4108af935c608465d80000dcfa194\n",
                "token": "8fb8b9e410112ba757333b230cdf6d025bb4108af935c608465d80000dcfa194"
              }
            ],
            "maintenance_policy": [
              {
                "day": "any",
                "duration": "4h0m0s",
                "start_time": "12:00"
              }
            ],
            "name": "k8s-do",
            "node_pool": [
              {
                "actual_node_count": 1,
                "auto_scale": false,
                "id": "a145ad6a-b57d-471c-b659-09e66da9a463",
                "labels": {},
                "max_nodes": 0,
                "min_nodes": 0,
                "name": "k8s-mainpool",
                "node_count": 1,
                "nodes": [
                  {
                    "created_at": "2021-09-03 01:14:43 +0000 UTC",
                    "droplet_id": "263064534",
                    "id": "dbdb2b92-1273-4d16-9a33-a4c298e7edd9",
                    "name": "k8s-mainpool-80gnz",
                    "status": "running",
                    "updated_at": "2021-09-03 01:20:21 +0000 UTC"
                  }
                ],
                "size": "s-1vcpu-2gb",
                "tags": [],
                "taint": []
              }
            ],
            "region": "sfo3",
            "service_subnet": "10.245.0.0/16",
            "status": "running",
            "surge_upgrade": true,
            "tags": [],
            "timeouts": null,
            "updated_at": "2021-09-03 01:24:44 +0000 UTC",
            "urn": "do:kubernetes:ec8ba7fb-d04a-41bb-9ceb-44136f1ae60d",
            "version": "1.21.2-do.2",
            "vpc_uuid": "e5a4b4e1-c6d9-458c-bd11-ff019768c77a"
          },
          "sensitive_attributes": [],
          "private": "eyJlMmJmYjczMC1lY2FhLTExZTYtOGY4OC0zNDM2M2JjN2M0YzAiOnsiY3JlYXRlIjoxODAwMDAwMDAwMDAwfSwic2NoZW1hX3ZlcnNpb24iOiIzIn0="
        }
      ]
    },
    {
      "module": "module.digitalocean",
      "mode": "managed",
      "type": "digitalocean_kubernetes_node_pool",
      "name": "k8s_nodes",
      "provider": "module.digitalocean.provider[\"registry.terraform.io/digitalocean/digitalocean\"]",
      "instances": [
        {
          "schema_version": 1,
          "attributes": {
            "actual_node_count": 2,
            "auto_scale": false,
            "cluster_id": "ec8ba7fb-d04a-41bb-9ceb-44136f1ae60d",
            "id": "90daa250-faf4-4c46-a1f6-b17fdda10375",
            "labels": {},
            "max_nodes": 0,
            "min_nodes": 0,
            "name": "k8s-nodepool",
            "node_count": 2,
            "nodes": [
              {
                "created_at": "2021-09-03 01:21:56 +0000 UTC",
                "droplet_id": "263065033",
                "id": "829e595b-37d8-463f-ba7a-408544c7bc31",
                "name": "k8s-nodepool-80g30",
                "status": "running",
                "updated_at": "2021-09-03 01:23:20 +0000 UTC"
              },
              {
                "created_at": "2021-09-03 01:21:56 +0000 UTC",
                "droplet_id": "263065035",
                "id": "2789ae75-2fbd-46d7-87f3-f11d9798dbec",
                "name": "k8s-nodepool-80g31",
                "status": "running",
                "updated_at": "2021-09-03 01:24:01 +0000 UTC"
              }
            ],
            "size": "s-1vcpu-2gb",
            "tags": [],
            "taint": [],
            "timeouts": null
          },
          "sensitive_attributes": [],
          "private": "eyJlMmJmYjczMC1lY2FhLTExZTYtOGY4OC0zNDM2M2JjN2M0YzAiOnsiY3JlYXRlIjoxODAwMDAwMDAwMDAwLCJkZWxldGUiOjE4MDAwMDAwMDAwMDB9LCJzY2hlbWFfdmVyc2lvbiI6IjEifQ==",
          "dependencies": [
            "module.digitalocean.digitalocean_kubernetes_cluster.k8s"
          ]
        }
      ]
    },
    {
      "module": "module.digitalocean",
      "mode": "managed",
      "type": "local_file",
      "name": "kubeconfigdo",
      "provider": "provider[\"registry.terraform.io/hashicorp/local\"]",
      "instances": [
        {
          "schema_version": 0,
          "attributes": {
            "content": "apiVersion: v1\nkind: Config\nclusters:\n- cluster:\n    certificate-authority-data: LS0tLS1CRUdJTiBDRVJUSUZJQ0FURS0tLS0tCk1JSURKekNDQWcrZ0F3SUJBZ0lDQm5Vd0RRWUpLb1pJaHZjTkFRRUxCUUF3TXpFVk1CTUdBMVVFQ2hNTVJHbG4KYVhSaGJFOWpaV0Z1TVJvd0dBWURWUVFERXhGck9ITmhZWE1nUTJ4MWMzUmxjaUJEUVRBZUZ3MHlNVEE1TURNdwpNVEUwTkRkYUZ3MDBNVEE1TURNd01URTBORGRhTURNeEZUQVRCZ05WQkFvVERFUnBaMmwwWVd4UFkyVmhiakVhCk1CZ0dBMVVFQXhNUmF6aHpZV0Z6SUVOc2RYTjBaWElnUTBFd2dnRWlNQTBHQ1NxR1NJYjNEUUVCQVFVQUE0SUIKRHdBd2dnRUtBb0lCQVFEU2RZNm9DVHdHNC9jbEM2L0g0Lzljd2NETFZTaWZlTmp0NFRUeUwxYXdaaDZVZ3FHawpSemxqZnVwNVZLTGxOU0NiM0pKV3ArNnFNQWVIRnJ1Mm4wcmhkZUVGdmFVMlFrTkFIc1pYYzJVNTVsaXFwLzlKCndJdFdsYjRERmRIdDZ2bzdzMWZSTW9wSXVUVEVhRXhQM1EwL25QVzZwYjlaQVBSUFE0MDI4VSsySmF0Y2NyVVIKMkx1bHRxZDRZQW5CS1RLeENtamR6UWVlUmZpTTZtbGFkODVvNFF6YVY4MmY0STJ2aFR6Y3Q5Ym9aUlZsQlA2TQpFM3d3YkJwRVF4U0Z3enQzUTV0SU10TWZ1dnBZcHE2ZmZxd2JzNG84aU9QRTNaWlZ3VGdnVXJZM3RySEl5bW1LCnN4QkkycTV0RHEwdVlpVWt6QXBWN29HNkRWSUNJS0pQc1V5SkFnTUJBQUdqUlRCRE1BNEdBMVVkRHdFQi93UUUKQXdJQmhqQVNCZ05WSFJNQkFmOEVDREFHQVFIL0FnRUFNQjBHQTFVZERnUVdCQlMvOWZMUy9yLzBMaXJJdTA2VApmLzhvY0xuTW1qQU5CZ2txaGtpRzl3MEJBUXNGQUFPQ0FRRUFQQW1jS0JQNFdMQ1BqdXNDT1FkQ3lidlRhc3NPCjV1KzJyYVBYd0kybTh2bGYrMDJUL3ZZdzRFTHpmcUVIVUxuUFNoWllMWWJLMkc3Q1hXSTNFYmMvUkR4bEdvajEKTEY4T1FlV0MxaHhuNHBuZWJUUXRTZFZ4OXdZUWdqaUEwbTljT2FWN25YNTFSWUkrYlc1eThrS050MlYra29yagpIa29RdWc2Sjl4eWRtWEFGQUJUcmFySjNTSVp3MXdHTWY4SDBhenZoWVFnWWo0QnNEY21XLzFJSWRPSkNlUjlUCnIyelUvUXlQQjNRdEVvSEUyWHY2VzIydGs5UVpXQXY3bUtPa1lQSjhxYWNvVVNkeU1rYWdVdHo1bG5ZdGVsSEEKY25PWnNaNVpXYmUvNDV4bTBOQ0tmL3QxdXpYTmF6MHlCZENub1NBUmZ4TkhhRUZyRE1oMjhoUlFsdz09Ci0tLS0tRU5EIENFUlRJRklDQVRFLS0tLS0K\n    server: https://ec8ba7fb-d04a-41bb-9ceb-44136f1ae60d.k8s.ondigitalocean.com\n  name: do-sfo3-k8s-do\ncontexts:\n- context:\n    cluster: do-sfo3-k8s-do\n    user: do-sfo3-k8s-do-admin\n  name: do-sfo3-k8s-do\ncurrent-context: do-sfo3-k8s-do\nusers:\n- name: do-sfo3-k8s-do-admin\n  user:\n    token: 8fb8b9e410112ba757333b230cdf6d025bb4108af935c608465d80000dcfa194\n",
            "content_base64": null,
            "directory_permission": "0777",
            "file_permission": "0777",
            "filename": "./kubeconfig_do.yaml",
            "id": "32a6148bac28c34092e4dfdf84f3c32feff5cf93",
            "sensitive_content": null,
            "source": null
          },
          "sensitive_attributes": [
            [
              {
                "type": "get_attr",
                "value": "content"
              }
            ]
          ],
          "private": "bnVsbA==",
          "dependencies": [
            "module.digitalocean.digitalocean_kubernetes_cluster.k8s"
          ]
        }
      ]
    },
    {
      "module": "module.helm",
      "mode": "managed",
      "type": "helm_release",
      "name": "istio_base",
      "provider": "module.helm.provider[\"registry.terraform.io/hashicorp/helm\"]",
      "instances": []
    },
    {
      "module": "module.helm",
      "mode": "managed",
      "type": "helm_release",
      "name": "istio_egress",
      "provider": "module.helm.provider[\"registry.terraform.io/hashicorp/helm\"]",
      "instances": []
    },
    {
      "module": "module.helm",
      "mode": "managed",
      "type": "helm_release",
      "name": "istio_ingress",
      "provider": "module.helm.provider[\"registry.terraform.io/hashicorp/helm\"]",
      "instances": []
    },
    {
      "module": "module.helm",
      "mode": "managed",
      "type": "helm_release",
      "name": "istiod",
      "provider": "module.helm.provider[\"registry.terraform.io/hashicorp/helm\"]",
      "instances": []
    },
    {
      "module": "module.helm",
      "mode": "managed",
      "type": "kubernetes_namespace",
      "name": "istio_system",
      "provider": "module.helm.provider[\"registry.terraform.io/hashicorp/kubernetes\"]",
      "instances": [
        {
          "schema_version": 0,
          "attributes": {
            "id": "istio-system",
            "metadata": [
              {
                "annotations": null,
                "generate_name": "",
                "generation": 0,
                "labels": null,
                "name": "istio-system",
                "resource_version": "5204",
                "uid": "d2258eb9-41f0-4331-86a3-6ec714aee95d"
              }
            ],
            "timeouts": null
          },
          "sensitive_attributes": [],
          "private": "eyJlMmJmYjczMC1lY2FhLTExZTYtOGY4OC0zNDM2M2JjN2M0YzAiOnsiZGVsZXRlIjozMDAwMDAwMDAwMDB9fQ=="
        }
      ]
    },
    {
      "module": "module.helm.module.digitalocean",
      "mode": "managed",
      "type": "digitalocean_kubernetes_node_pool",
      "name": "k8s_nodes",
      "provider": "module.helm.module.digitalocean.provider[\"registry.terraform.io/digitalocean/digitalocean\"]",
      "instances": []
    },
    {
      "module": "module.helm.module.digitalocean",
      "mode": "managed",
      "type": "local_file",
      "name": "kubeconfigdo",
      "provider": "provider[\"registry.terraform.io/hashicorp/local\"]",
      "instances": []
    }
  ]
}
